// !$*UTF8*$!
{
	archiveVersion = 1;
	classes = {
	};
	objectVersion = 50;
	objects = {

/* Begin PBXBuildFile section */
		892BCB5F25C36E1E00A24137 /* AppDelegate.swift in Sources */ = {isa = PBXBuildFile; fileRef = 892BCB5E25C36E1E00A24137 /* AppDelegate.swift */; };
		892BCB6125C36E1E00A24137 /* SceneDelegate.swift in Sources */ = {isa = PBXBuildFile; fileRef = 892BCB6025C36E1E00A24137 /* SceneDelegate.swift */; };
		892BCB6325C36E1E00A24137 /* ViewController.swift in Sources */ = {isa = PBXBuildFile; fileRef = 892BCB6225C36E1E00A24137 /* ViewController.swift */; };
		892BCB6625C36E1E00A24137 /* Main.storyboard in Resources */ = {isa = PBXBuildFile; fileRef = 892BCB6425C36E1E00A24137 /* Main.storyboard */; };
		892BCB6825C36E1F00A24137 /* Assets.xcassets in Resources */ = {isa = PBXBuildFile; fileRef = 892BCB6725C36E1F00A24137 /* Assets.xcassets */; };
		892BCB6B25C36E1F00A24137 /* LaunchScreen.storyboard in Resources */ = {isa = PBXBuildFile; fileRef = 892BCB6925C36E1F00A24137 /* LaunchScreen.storyboard */; };
		892BCB7625C36E1F00A24137 /* PreWorkTests.swift in Sources */ = {isa = PBXBuildFile; fileRef = 892BCB7525C36E1F00A24137 /* PreWorkTests.swift */; };
		892BCB8125C36E1F00A24137 /* PreWorkUITests.swift in Sources */ = {isa = PBXBuildFile; fileRef = 892BCB8025C36E1F00A24137 /* PreWorkUITests.swift */; };
/* End PBXBuildFile section */

/* Begin PBXContainerItemProxy section */
		892BCB7225C36E1F00A24137 /* PBXContainerItemProxy */ = {
			isa = PBXContainerItemProxy;
			containerPortal = 892BCB5325C36E1E00A24137 /* Project object */;
			proxyType = 1;
			remoteGlobalIDString = 892BCB5A25C36E1E00A24137;
			remoteInfo = PreWork;
		};
		892BCB7D25C36E1F00A24137 /* PBXContainerItemProxy */ = {
			isa = PBXContainerItemProxy;
			containerPortal = 892BCB5325C36E1E00A24137 /* Project object */;
			proxyType = 1;
			remoteGlobalIDString = 892BCB5A25C36E1E00A24137;
			remoteInfo = PreWork;
		};
/* End PBXContainerItemProxy section */

/* Begin PBXFileReference section */
		892BCB5B25C36E1E00A24137 /* PreWork.app */ = {isa = PBXFileReference; explicitFileType = wrapper.application; includeInIndex = 0; path = PreWork.app; sourceTree = BUILT_PRODUCTS_DIR; };
		892BCB5E25C36E1E00A24137 /* AppDelegate.swift */ = {isa = PBXFileReference; lastKnownFileType = sourcecode.swift; path = AppDelegate.swift; sourceTree = "<group>"; };
		892BCB6025C36E1E00A24137 /* SceneDelegate.swift */ = {isa = PBXFileReference; lastKnownFileType = sourcecode.swift; path = SceneDelegate.swift; sourceTree = "<group>"; };
		892BCB6225C36E1E00A24137 /* ViewController.swift */ = {isa = PBXFileReference; lastKnownFileType = sourcecode.swift; path = ViewController.swift; sourceTree = "<group>"; };
		892BCB6525C36E1E00A24137 /* Base */ = {isa = PBXFileReference; lastKnownFileType = file.storyboard; name = Base; path = Base.lproj/Main.storyboard; sourceTree = "<group>"; };
		892BCB6725C36E1F00A24137 /* Assets.xcassets */ = {isa = PBXFileReference; lastKnownFileType = folder.assetcatalog; path = Assets.xcassets; sourceTree = "<group>"; };
		892BCB6A25C36E1F00A24137 /* Base */ = {isa = PBXFileReference; lastKnownFileType = file.storyboard; name = Base; path = Base.lproj/LaunchScreen.storyboard; sourceTree = "<group>"; };
		892BCB6C25C36E1F00A24137 /* Info.plist */ = {isa = PBXFileReference; lastKnownFileType = text.plist.xml; path = Info.plist; sourceTree = "<group>"; };
		892BCB7125C36E1F00A24137 /* PreWorkTests.xctest */ = {isa = PBXFileReference; explicitFileType = wrapper.cfbundle; includeInIndex = 0; path = PreWorkTests.xctest; sourceTree = BUILT_PRODUCTS_DIR; };
		892BCB7525C36E1F00A24137 /* PreWorkTests.swift */ = {isa = PBXFileReference; lastKnownFileType = sourcecode.swift; path = PreWorkTests.swift; sourceTree = "<group>"; };
		892BCB7725C36E1F00A24137 /* Info.plist */ = {isa = PBXFileReference; lastKnownFileType = text.plist.xml; path = Info.plist; sourceTree = "<group>"; };
		892BCB7C25C36E1F00A24137 /* PreWorkUITests.xctest */ = {isa = PBXFileReference; explicitFileType = wrapper.cfbundle; includeInIndex = 0; path = PreWorkUITests.xctest; sourceTree = BUILT_PRODUCTS_DIR; };
		892BCB8025C36E1F00A24137 /* PreWorkUITests.swift */ = {isa = PBXFileReference; lastKnownFileType = sourcecode.swift; path = PreWorkUITests.swift; sourceTree = "<group>"; };
		892BCB8225C36E1F00A24137 /* Info.plist */ = {isa = PBXFileReference; lastKnownFileType = text.plist.xml; path = Info.plist; sourceTree = "<group>"; };
/* End PBXFileReference section */

/* Begin PBXFrameworksBuildPhase section */
		892BCB5825C36E1E00A24137 /* Frameworks */ = {
			isa = PBXFrameworksBuildPhase;
			buildActionMask = 2147483647;
			files = (
			);
			runOnlyForDeploymentPostprocessing = 0;
		};
		892BCB6E25C36E1F00A24137 /* Frameworks */ = {
			isa = PBXFrameworksBuildPhase;
			buildActionMask = 2147483647;
			files = (
			);
			runOnlyForDeploymentPostprocessing = 0;
		};
		892BCB7925C36E1F00A24137 /* Frameworks */ = {
			isa = PBXFrameworksBuildPhase;
			buildActionMask = 2147483647;
			files = (
			);
			runOnlyForDeploymentPostprocessing = 0;
		};
/* End PBXFrameworksBuildPhase section */

/* Begin PBXGroup section */
		892BCB5225C36E1E00A24137 = {
			isa = PBXGroup;
			children = (
				892BCB5D25C36E1E00A24137 /* PreWork */,
				892BCB7425C36E1F00A24137 /* PreWorkTests */,
				892BCB7F25C36E1F00A24137 /* PreWorkUITests */,
				892BCB5C25C36E1E00A24137 /* Products */,
			);
			sourceTree = "<group>";
		};
		892BCB5C25C36E1E00A24137 /* Products */ = {
			isa = PBXGroup;
			children = (
				892BCB5B25C36E1E00A24137 /* PreWork.app */,
				892BCB7125C36E1F00A24137 /* PreWorkTests.xctest */,
				892BCB7C25C36E1F00A24137 /* PreWorkUITests.xctest */,
			);
			name = Products;
			sourceTree = "<group>";
		};
		892BCB5D25C36E1E00A24137 /* PreWork */ = {
			isa = PBXGroup;
			children = (
				892BCB5E25C36E1E00A24137 /* AppDelegate.swift */,
				892BCB6025C36E1E00A24137 /* SceneDelegate.swift */,
				892BCB6225C36E1E00A24137 /* ViewController.swift */,
				892BCB6425C36E1E00A24137 /* Main.storyboard */,
				892BCB6725C36E1F00A24137 /* Assets.xcassets */,
				892BCB6925C36E1F00A24137 /* LaunchScreen.storyboard */,
				892BCB6C25C36E1F00A24137 /* Info.plist */,
			);
			path = PreWork;
			sourceTree = "<group>";
		};
		892BCB7425C36E1F00A24137 /* PreWorkTests */ = {
			isa = PBXGroup;
			children = (
				892BCB7525C36E1F00A24137 /* PreWorkTests.swift */,
				892BCB7725C36E1F00A24137 /* Info.plist */,
			);
			path = PreWorkTests;
			sourceTree = "<group>";
		};
		892BCB7F25C36E1F00A24137 /* PreWorkUITests */ = {
			isa = PBXGroup;
			children = (
				892BCB8025C36E1F00A24137 /* PreWorkUITests.swift */,
				892BCB8225C36E1F00A24137 /* Info.plist */,
			);
			path = PreWorkUITests;
			sourceTree = "<group>";
		};
/* End PBXGroup section */

/* Begin PBXNativeTarget section */
		892BCB5A25C36E1E00A24137 /* PreWork */ = {
			isa = PBXNativeTarget;
			buildConfigurationList = 892BCB8525C36E1F00A24137 /* Build configuration list for PBXNativeTarget "PreWork" */;
			buildPhases = (
				892BCB5725C36E1E00A24137 /* Sources */,
				892BCB5825C36E1E00A24137 /* Frameworks */,
				892BCB5925C36E1E00A24137 /* Resources */,
			);
			buildRules = (
			);
			dependencies = (
			);
			name = PreWork;
			productName = PreWork;
			productReference = 892BCB5B25C36E1E00A24137 /* PreWork.app */;
			productType = "com.apple.product-type.application";
		};
		892BCB7025C36E1F00A24137 /* PreWorkTests */ = {
			isa = PBXNativeTarget;
			buildConfigurationList = 892BCB8825C36E1F00A24137 /* Build configuration list for PBXNativeTarget "PreWorkTests" */;
			buildPhases = (
				892BCB6D25C36E1F00A24137 /* Sources */,
				892BCB6E25C36E1F00A24137 /* Frameworks */,
				892BCB6F25C36E1F00A24137 /* Resources */,
			);
			buildRules = (
			);
			dependencies = (
				892BCB7325C36E1F00A24137 /* PBXTargetDependency */,
			);
			name = PreWorkTests;
			productName = PreWorkTests;
			productReference = 892BCB7125C36E1F00A24137 /* PreWorkTests.xctest */;
			productType = "com.apple.product-type.bundle.unit-test";
		};
		892BCB7B25C36E1F00A24137 /* PreWorkUITests */ = {
			isa = PBXNativeTarget;
			buildConfigurationList = 892BCB8B25C36E1F00A24137 /* Build configuration list for PBXNativeTarget "PreWorkUITests" */;
			buildPhases = (
				892BCB7825C36E1F00A24137 /* Sources */,
				892BCB7925C36E1F00A24137 /* Frameworks */,
				892BCB7A25C36E1F00A24137 /* Resources */,
			);
			buildRules = (
			);
			dependencies = (
				892BCB7E25C36E1F00A24137 /* PBXTargetDependency */,
			);
			name = PreWorkUITests;
			productName = PreWorkUITests;
			productReference = 892BCB7C25C36E1F00A24137 /* PreWorkUITests.xctest */;
			productType = "com.apple.product-type.bundle.ui-testing";
		};
/* End PBXNativeTarget section */

/* Begin PBXProject section */
		892BCB5325C36E1E00A24137 /* Project object */ = {
			isa = PBXProject;
			attributes = {
				LastSwiftUpdateCheck = 1240;
				LastUpgradeCheck = 1240;
				TargetAttributes = {
					892BCB5A25C36E1E00A24137 = {
						CreatedOnToolsVersion = 12.4;
					};
					892BCB7025C36E1F00A24137 = {
						CreatedOnToolsVersion = 12.4;
						TestTargetID = 892BCB5A25C36E1E00A24137;
					};
					892BCB7B25C36E1F00A24137 = {
						CreatedOnToolsVersion = 12.4;
						TestTargetID = 892BCB5A25C36E1E00A24137;
					};
				};
			};
			buildConfigurationList = 892BCB5625C36E1E00A24137 /* Build configuration list for PBXProject "PreWork" */;
			compatibilityVersion = "Xcode 9.3";
			developmentRegion = en;
			hasScannedForEncodings = 0;
			knownRegions = (
				en,
				Base,
			);
			mainGroup = 892BCB5225C36E1E00A24137;
			productRefGroup = 892BCB5C25C36E1E00A24137 /* Products */;
			projectDirPath = "";
			projectRoot = "";
			targets = (
				892BCB5A25C36E1E00A24137 /* PreWork */,
				892BCB7025C36E1F00A24137 /* PreWorkTests */,
				892BCB7B25C36E1F00A24137 /* PreWorkUITests */,
			);
		};
/* End PBXProject section */

/* Begin PBXResourcesBuildPhase section */
		892BCB5925C36E1E00A24137 /* Resources */ = {
			isa = PBXResourcesBuildPhase;
			buildActionMask = 2147483647;
			files = (
				892BCB6B25C36E1F00A24137 /* LaunchScreen.storyboard in Resources */,
				892BCB6825C36E1F00A24137 /* Assets.xcassets in Resources */,
				892BCB6625C36E1E00A24137 /* Main.storyboard in Resources */,
			);
			runOnlyForDeploymentPostprocessing = 0;
		};
		892BCB6F25C36E1F00A24137 /* Resources */ = {
			isa = PBXResourcesBuildPhase;
			buildActionMask = 2147483647;
			files = (
			);
			runOnlyForDeploymentPostprocessing = 0;
		};
		892BCB7A25C36E1F00A24137 /* Resources */ = {
			isa = PBXResourcesBuildPhase;
			buildActionMask = 2147483647;
			files = (
			);
			runOnlyForDeploymentPostprocessing = 0;
		};
/* End PBXResourcesBuildPhase section */

/* Begin PBXSourcesBuildPhase section */
		892BCB5725C36E1E00A24137 /* Sources */ = {
			isa = PBXSourcesBuildPhase;
			buildActionMask = 2147483647;
			files = (
				892BCB6325C36E1E00A24137 /* ViewController.swift in Sources */,
				892BCB5F25C36E1E00A24137 /* AppDelegate.swift in Sources */,
				892BCB6125C36E1E00A24137 /* SceneDelegate.swift in Sources */,
			);
			runOnlyForDeploymentPostprocessing = 0;
		};
		892BCB6D25C36E1F00A24137 /* Sources */ = {
			isa = PBXSourcesBuildPhase;
			buildActionMask = 2147483647;
			files = (
				892BCB7625C36E1F00A24137 /* PreWorkTests.swift in Sources */,
			);
			runOnlyForDeploymentPostprocessing = 0;
		};
		892BCB7825C36E1F00A24137 /* Sources */ = {
			isa = PBXSourcesBuildPhase;
			buildActionMask = 2147483647;
			files = (
				892BCB8125C36E1F00A24137 /* PreWorkUITests.swift in Sources */,
			);
			runOnlyForDeploymentPostprocessing = 0;
		};
/* End PBXSourcesBuildPhase section */

/* Begin PBXTargetDependency section */
		892BCB7325C36E1F00A24137 /* PBXTargetDependency */ = {
			isa = PBXTargetDependency;
			target = 892BCB5A25C36E1E00A24137 /* PreWork */;
			targetProxy = 892BCB7225C36E1F00A24137 /* PBXContainerItemProxy */;
		};
		892BCB7E25C36E1F00A24137 /* PBXTargetDependency */ = {
			isa = PBXTargetDependency;
			target = 892BCB5A25C36E1E00A24137 /* PreWork */;
			targetProxy = 892BCB7D25C36E1F00A24137 /* PBXContainerItemProxy */;
		};
/* End PBXTargetDependency section */

/* Begin PBXVariantGroup section */
		892BCB6425C36E1E00A24137 /* Main.storyboard */ = {
			isa = PBXVariantGroup;
			children = (
				892BCB6525C36E1E00A24137 /* Base */,
			);
			name = Main.storyboard;
			sourceTree = "<group>";
		};
		892BCB6925C36E1F00A24137 /* LaunchScreen.storyboard */ = {
			isa = PBXVariantGroup;
			children = (
				892BCB6A25C36E1F00A24137 /* Base */,
			);
			name = LaunchScreen.storyboard;
			sourceTree = "<group>";
		};
/* End PBXVariantGroup section */

/* Begin XCBuildConfiguration section */
		892BCB8325C36E1F00A24137 /* Debug */ = {
			isa = XCBuildConfiguration;
			buildSettings = {
				ALWAYS_SEARCH_USER_PATHS = NO;
				CLANG_ANALYZER_NONNULL = YES;
				CLANG_ANALYZER_NUMBER_OBJECT_CONVERSION = YES_AGGRESSIVE;
				CLANG_CXX_LANGUAGE_STANDARD = "gnu++14";
				CLANG_CXX_LIBRARY = "libc++";
				CLANG_ENABLE_MODULES = YES;
				CLANG_ENABLE_OBJC_ARC = YES;
				CLANG_ENABLE_OBJC_WEAK = YES;
				CLANG_WARN_BLOCK_CAPTURE_AUTORELEASING = YES;
				CLANG_WARN_BOOL_CONVERSION = YES;
				CLANG_WARN_COMMA = YES;
				CLANG_WARN_CONSTANT_CONVERSION = YES;
				CLANG_WARN_DEPRECATED_OBJC_IMPLEMENTATIONS = YES;
				CLANG_WARN_DIRECT_OBJC_ISA_USAGE = YES_ERROR;
				CLANG_WARN_DOCUMENTATION_COMMENTS = YES;
				CLANG_WARN_EMPTY_BODY = YES;
				CLANG_WARN_ENUM_CONVERSION = YES;
				CLANG_WARN_INFINITE_RECURSION = YES;
				CLANG_WARN_INT_CONVERSION = YES;
				CLANG_WARN_NON_LITERAL_NULL_CONVERSION = YES;
				CLANG_WARN_OBJC_IMPLICIT_RETAIN_SELF = YES;
				CLANG_WARN_OBJC_LITERAL_CONVERSION = YES;
				CLANG_WARN_OBJC_ROOT_CLASS = YES_ERROR;
				CLANG_WARN_QUOTED_INCLUDE_IN_FRAMEWORK_HEADER = YES;
				CLANG_WARN_RANGE_LOOP_ANALYSIS = YES;
				CLANG_WARN_STRICT_PROTOTYPES = YES;
				CLANG_WARN_SUSPICIOUS_MOVE = YES;
				CLANG_WARN_UNGUARDED_AVAILABILITY = YES_AGGRESSIVE;
				CLANG_WARN_UNREACHABLE_CODE = YES;
				CLANG_WARN__DUPLICATE_METHOD_MATCH = YES;
				COPY_PHASE_STRIP = NO;
				DEBUG_INFORMATION_FORMAT = dwarf;
				ENABLE_STRICT_OBJC_MSGSEND = YES;
				ENABLE_TESTABILITY = YES;
				GCC_C_LANGUAGE_STANDARD = gnu11;
				GCC_DYNAMIC_NO_PIC = NO;
				GCC_NO_COMMON_BLOCKS = YES;
				GCC_OPTIMIZATION_LEVEL = 0;
				GCC_PREPROCESSOR_DEFINITIONS = (
					"DEBUG=1",
					"$(inherited)",
				);
				GCC_WARN_64_TO_32_BIT_CONVERSION = YES;
				GCC_WARN_ABOUT_RETURN_TYPE = YES_ERROR;
				GCC_WARN_UNDECLARED_SELECTOR = YES;
				GCC_WARN_UNINITIALIZED_AUTOS = YES_AGGRESSIVE;
				GCC_WARN_UNUSED_FUNCTION = YES;
				GCC_WARN_UNUSED_VARIABLE = YES;
				IPHONEOS_DEPLOYMENT_TARGET = 14.4;
				MTL_ENABLE_DEBUG_INFO = INCLUDE_SOURCE;
				MTL_FAST_MATH = YES;
				ONLY_ACTIVE_ARCH = YES;
				SDKROOT = iphoneos;
				SWIFT_ACTIVE_COMPILATION_CONDITIONS = DEBUG;
				SWIFT_OPTIMIZATION_LEVEL = "-Onone";
			};
			name = Debug;
		};
		892BCB8425C36E1F00A24137 /* Release */ = {
			isa = XCBuildConfiguration;
			buildSettings = {
				ALWAYS_SEARCH_USER_PATHS = NO;
				CLANG_ANALYZER_NONNULL = YES;
				CLANG_ANALYZER_NUMBER_OBJECT_CONVERSION = YES_AGGRESSIVE;
				CLANG_CXX_LANGUAGE_STANDARD = "gnu++14";
				CLANG_CXX_LIBRARY = "libc++";
				CLANG_ENABLE_MODULES = YES;
				CLANG_ENABLE_OBJC_ARC = YES;
				CLANG_ENABLE_OBJC_WEAK = YES;
				CLANG_WARN_BLOCK_CAPTURE_AUTORELEASING = YES;
				CLANG_WARN_BOOL_CONVERSION = YES;
				CLANG_WARN_COMMA = YES;
				CLANG_WARN_CONSTANT_CONVERSION = YES;
				CLANG_WARN_DEPRECATED_OBJC_IMPLEMENTATIONS = YES;
				CLANG_WARN_DIRECT_OBJC_ISA_USAGE = YES_ERROR;
				CLANG_WARN_DOCUMENTATION_COMMENTS = YES;
				CLANG_WARN_EMPTY_BODY = YES;
				CLANG_WARN_ENUM_CONVERSION = YES;
				CLANG_WARN_INFINITE_RECURSION = YES;
				CLANG_WARN_INT_CONVERSION = YES;
				CLANG_WARN_NON_LITERAL_NULL_CONVERSION = YES;
				CLANG_WARN_OBJC_IMPLICIT_RETAIN_SELF = YES;
				CLANG_WARN_OBJC_LITERAL_CONVERSION = YES;
				CLANG_WARN_OBJC_ROOT_CLASS = YES_ERROR;
				CLANG_WARN_QUOTED_INCLUDE_IN_FRAMEWORK_HEADER = YES;
				CLANG_WARN_RANGE_LOOP_ANALYSIS = YES;
				CLANG_WARN_STRICT_PROTOTYPES = YES;
				CLANG_WARN_SUSPICIOUS_MOVE = YES;
				CLANG_WARN_UNGUARDED_AVAILABILITY = YES_AGGRESSIVE;
				CLANG_WARN_UNREACHABLE_CODE = YES;
				CLANG_WARN__DUPLICATE_METHOD_MATCH = YES;
				COPY_PHASE_STRIP = NO;
				DEBUG_INFORMATION_FORMAT = "dwarf-with-dsym";
				ENABLE_NS_ASSERTIONS = NO;
				ENABLE_STRICT_OBJC_MSGSEND = YES;
				GCC_C_LANGUAGE_STANDARD = gnu11;
				GCC_NO_COMMON_BLOCKS = YES;
				GCC_WARN_64_TO_32_BIT_CONVERSION = YES;
				GCC_WARN_ABOUT_RETURN_TYPE = YES_ERROR;
				GCC_WARN_UNDECLARED_SELECTOR = YES;
				GCC_WARN_UNINITIALIZED_AUTOS = YES_AGGRESSIVE;
				GCC_WARN_UNUSED_FUNCTION = YES;
				GCC_WARN_UNUSED_VARIABLE = YES;
				IPHONEOS_DEPLOYMENT_TARGET = 14.4;
				MTL_ENABLE_DEBUG_INFO = NO;
				MTL_FAST_MATH = YES;
				SDKROOT = iphoneos;
				SWIFT_COMPILATION_MODE = wholemodule;
				SWIFT_OPTIMIZATION_LEVEL = "-O";
				VALIDATE_PRODUCT = YES;
			};
			name = Release;
		};
		892BCB8625C36E1F00A24137 /* Debug */ = {
			isa = XCBuildConfiguration;
			buildSettings = {
				ASSETCATALOG_COMPILER_APPICON_NAME = AppIcon;
				ASSETCATALOG_COMPILER_GLOBAL_ACCENT_COLOR_NAME = AccentColor;
				CODE_SIGN_STYLE = Automatic;
				INFOPLIST_FILE = PreWork/Info.plist;
				LD_RUNPATH_SEARCH_PATHS = (
					"$(inherited)",
					"@executable_path/Frameworks",
				);
				PRODUCT_BUNDLE_IDENTIFIER = com.sdash.PreWork;
				PRODUCT_NAME = "$(TARGET_NAME)";
				SWIFT_VERSION = 5.0;
				TARGETED_DEVICE_FAMILY = "1,2";
			};
			name = Debug;
		};
		892BCB8725C36E1F00A24137 /* Release */ = {
			isa = XCBuildConfiguration;
			buildSettings = {
				ASSETCATALOG_COMPILER_APPICON_NAME = AppIcon;
				ASSETCATALOG_COMPILER_GLOBAL_ACCENT_COLOR_NAME = AccentColor;
				CODE_SIGN_STYLE = Automatic;
				INFOPLIST_FILE = PreWork/Info.plist;
				LD_RUNPATH_SEARCH_PATHS = (
					"$(inherited)",
					"@executable_path/Frameworks",
				);
				PRODUCT_BUNDLE_IDENTIFIER = com.sdash.PreWork;
				PRODUCT_NAME = "$(TARGET_NAME)";
				SWIFT_VERSION = 5.0;
				TARGETED_DEVICE_FAMILY = "1,2";
			};
			name = Release;
		};
		892BCB8925C36E1F00A24137 /* Debug */ = {
			isa = XCBuildConfiguration;
			buildSettings = {
				ALWAYS_EMBED_SWIFT_STANDARD_LIBRARIES = YES;
				BUNDLE_LOADER = "$(TEST_HOST)";
				CODE_SIGN_STYLE = Automatic;
				INFOPLIST_FILE = PreWorkTests/Info.plist;
				IPHONEOS_DEPLOYMENT_TARGET = 14.4;
				LD_RUNPATH_SEARCH_PATHS = (
					"$(inherited)",
					"@executable_path/Frameworks",
					"@loader_path/Frameworks",
				);
				PRODUCT_BUNDLE_IDENTIFIER = com.sdash.PreWorkTests;
				PRODUCT_NAME = "$(TARGET_NAME)";
				SWIFT_VERSION = 5.0;
				TARGETED_DEVICE_FAMILY = "1,2";
				TEST_HOST = "$(BUILT_PRODUCTS_DIR)/PreWork.app/PreWork";
			};
			name = Debug;
		};
		892BCB8A25C36E1F00A24137 /* Release */ = {
			isa = XCBuildConfiguration;
			buildSettings = {
				ALWAYS_EMBED_SWIFT_STANDARD_LIBRARIES = YES;
				BUNDLE_LOADER = "$(TEST_HOST)";
				CODE_SIGN_STYLE = Automatic;
				INFOPLIST_FILE = PreWorkTests/Info.plist;
				IPHONEOS_DEPLOYMENT_TARGET = 14.4;
				LD_RUNPATH_SEARCH_PATHS = (
					"$(inherited)",
					"@executable_path/Frameworks",
					"@loader_path/Frameworks",
				);
				PRODUCT_BUNDLE_IDENTIFIER = com.sdash.PreWorkTests;
				PRODUCT_NAME = "$(TARGET_NAME)";
				SWIFT_VERSION = 5.0;
				TARGETED_DEVICE_FAMILY = "1,2";
				TEST_HOST = "$(BUILT_PRODUCTS_DIR)/PreWork.app/PreWork";
			};
			name = Release;
		};
		892BCB8C25C36E1F00A24137 /* Debug */ = {
			isa = XCBuildConfiguration;
			buildSettings = {
				ALWAYS_EMBED_SWIFT_STANDARD_LIBRARIES = YES;
				CODE_SIGN_STYLE = Automatic;
				INFOPLIST_FILE = PreWorkUITests/Info.plist;
				LD_RUNPATH_SEARCH_PATHS = (
					"$(inherited)",
					"@executable_path/Frameworks",
					"@loader_path/Frameworks",
				);
				PRODUCT_BUNDLE_IDENTIFIER = com.sdash.PreWorkUITests;
				PRODUCT_NAME = "$(TARGET_NAME)";
				SWIFT_VERSION = 5.0;
				TARGETED_DEVICE_FAMILY = "1,2";
				TEST_TARGET_NAME = PreWork;
			};
			name = Debug;
		};
		892BCB8D25C36E1F00A24137 /* Release */ = {
			isa = XCBuildConfiguration;
			buildSettings = {
				ALWAYS_EMBED_SWIFT_STANDARD_LIBRARIES = YES;
				CODE_SIGN_STYLE = Automatic;
				INFOPLIST_FILE = PreWorkUITests/Info.plist;
				LD_RUNPATH_SEARCH_PATHS = (
					"$(inherited)",
					"@executable_path/Frameworks",
					"@loader_path/Frameworks",
				);
				PRODUCT_BUNDLE_IDENTIFIER = com.sdash.PreWorkUITests;
				PRODUCT_NAME = "$(TARGET_NAME)";
				SWIFT_VERSION = 5.0;
				TARGETED_DEVICE_FAMILY = "1,2";
				TEST_TARGET_NAME = PreWork;
			};
			name = Release;
		};
/* End XCBuildConfiguration section */

/* Begin XCConfigurationList section */
		892BCB5625C36E1E00A24137 /* Build configuration list for PBXProject "PreWork" */ = {
			isa = XCConfigurationList;
			buildConfigurations = (
				892BCB8325C36E1F00A24137 /* Debug */,
				892BCB8425C36E1F00A24137 /* Release */,
			);
			defaultConfigurationIsVisible = 0;
			defaultConfigurationName = Release;
		};
		892BCB8525C36E1F00A24137 /* Build configuration list for PBXNativeTarget "PreWork" */ = {
			isa = XCConfigurationList;
			buildConfigurations = (
				892BCB8625C36E1F00A24137 /* Debug */,
				892BCB8725C36E1F00A24137 /* Release */,
			);
			defaultConfigurationIsVisible = 0;
			defaultConfigurationName = Release;
		};
		892BCB8825C36E1F00A24137 /* Build configuration list for PBXNativeTarget "PreWorkTests" */ = {
			isa = XCConfigurationList;
			buildConfigurations = (
				892BCB8925C36E1F00A24137 /* Debug */,
				892BCB8A25C36E1F00A24137 /* Release */,
			);
			defaultConfigurationIsVisible = 0;
			defaultConfigurationName = Release;
		};
		892BCB8B25C36E1F00A24137 /* Build configuration list for PBXNativeTarget "PreWorkUITests" */ = {
			isa = XCConfigurationList;
			buildConfigurations = (
				892BCB8C25C36E1F00A24137 /* Debug */,
				892BCB8D25C36E1F00A24137 /* Release */,
			);
			defaultConfigurationIsVisible = 0;
			defaultConfigurationName = Release;
		};
/* End XCConfigurationList section */
	};
	rootObject = 892BCB5325C36E1E00A24137 /* Project object */;
}
